
Microsoft Visual Studio Solution File, Format Version 11.00
# Visual Studio 2010
Project("{8BC9CEB8-8B4A-11D0-8D11-00A0C91BC942}") = "Engine", "Engine\Engine.vcxproj", "{5B8E5019-824C-4F22-9CFA-4A21D0036277}"
EndProject
Global
	GlobalSection(SolutionConfigurationPlatforms) = preSolution
		Debug|Win32 = Debug|Win32
		Release|Win32 = Release|Win32
	EndGlobalSection
	GlobalSection(ProjectConfigurationPlatforms) = postSolution
		{5B8E5019-824C-4F22-9CFA-4A21D0036277}.Debug|Win32.ActiveCfg = Debug|Win32
		{5B8E5019-824C-4F22-9CFA-4A21D0036277}.Debug|Win32.Build.0 = Debug|Win32
		{5B8E5019-824C-4F22-9CFA-4A21D0036277}.Release|Win32.ActiveCfg = Release|Win32
		{5B8E5019-824C-4F22-9CFA-4A21D0036277}.Release|Win32.Build.0 = Release|Win32
	EndGlobalSection
	GlobalSection(SolutionProperties) = preSolution
		HideSolutionNode = FALSE
	EndGlobalSection
EndGlobal
